
Microsoft Visual Studio Solution File, Format Version 12.00
# Visual Studio Version 17
VisualStudioVersion = 17.9.34622.214
MinimumVisualStudioVersion = 10.0.40219.1
Project("{FAE04EC0-301F-11D3-BF4B-00C04F79EFBC}") = "Study4", "Study4\Study4.csproj", "{1424C031-136E-4142-83DB-AC14A922E262}"
EndProject
Global
	GlobalSection(SolutionConfigurationPlatforms) = preSolution
		Debug|Any CPU = Debug|Any CPU
		Release|Any CPU = Release|Any CPU
	EndGlobalSection
	GlobalSection(ProjectConfigurationPlatforms) = postSolution
		{1424C031-136E-4142-83DB-AC14A922E262}.Debug|Any CPU.ActiveCfg = Debug|Any CPU
		{1424C031-136E-4142-83DB-AC14A922E262}.Debug|Any CPU.Build.0 = Debug|Any CPU
		{1424C031-136E-4142-83DB-AC14A922E262}.Release|Any CPU.ActiveCfg = Release|Any CPU
		{1424C031-136E-4142-83DB-AC14A922E262}.Release|Any CPU.Build.0 = Release|Any CPU
	EndGlobalSection
	GlobalSection(SolutionProperties) = preSolution
		HideSolutionNode = FALSE
	EndGlobalSection
	GlobalSection(ExtensibilityGlobals) = postSolution
		SolutionGuid = {6790727B-C7BD-4EB3-BF0F-35E1F7CE9667}
	EndGlobalSection
EndGlobal
